
Microsoft Visual Studio Solution File, Format Version 12.00
# Visual Studio Version 17
VisualStudioVersion = 17.2.32630.192
MinimumVisualStudioVersion = 10.0.40219.1
Project("{FAE04EC0-301F-11D3-BF4B-00C04F79EFBC}") = "Amur", "Amur\Amur.csproj", "{053A6D29-FB58-444D-998C-E96D0685B42C}"
EndProject
Project("{FAE04EC0-301F-11D3-BF4B-00C04F79EFBC}") = "RiverLib", "RiverLib\RiverLib.csproj", "{9AC6E045-03A5-4C7C-A597-D245EA7E2C04}"
EndProject
Project("{FAE04EC0-301F-11D3-BF4B-00C04F79EFBC}") = "RenderLib", "RenderLib\RenderLib.csproj", "{3330D65D-E283-47A3-B43C-CE8C4EB2B201}"
EndProject
Project("{FAE04EC0-301F-11D3-BF4B-00C04F79EFBC}") = "RenderEditLib", "RederEditLib\RenderEditLib.csproj", "{7BAC4499-C834-4CD8-92FE-614027046DAB}"
EndProject
Project("{FAE04EC0-301F-11D3-BF4B-00C04F79EFBC}") = "NPRiverLib", "NPRiverLib\NPRiverLib.csproj", "{954912E8-F132-4779-8300-520F1C534665}"
EndProject
Project("{FAE04EC0-301F-11D3-BF4B-00C04F79EFBC}") = "MemLogLib", "MemLogLib\MemLogLib.csproj", "{4D84C29A-57F3-44D0-9520-0294DC35763E}"
EndProject
Project("{FAE04EC0-301F-11D3-BF4B-00C04F79EFBC}") = "GeometryLib", "GeometryLib\GeometryLib.csproj", "{CB805006-1B1B-412B-9FDE-4C8E8AD7CE13}"
EndProject
Project("{FAE04EC0-301F-11D3-BF4B-00C04F79EFBC}") = "FEMTasksLib", "FEMTasksLib\FEMTasksLib.csproj", "{288D677A-C46F-44F8-A451-5AFA1A0D4C46}"
EndProject
Project("{FAE04EC0-301F-11D3-BF4B-00C04F79EFBC}") = "CPForm", "CPForm\CPForm.csproj", "{436338C9-3129-459F-B07D-E62F27D72F5F}"
EndProject
Project("{FAE04EC0-301F-11D3-BF4B-00C04F79EFBC}") = "CommonLib", "CommonLib\CommonLib.csproj", "{A387740F-C4F9-44F3-AFA8-0B55EA4487FA}"
EndProject
Project("{FAE04EC0-301F-11D3-BF4B-00C04F79EFBC}") = "ChannelProcessLib", "ChannelProcessLib\ChannelProcessLib.csproj", "{C9C3AC13-CACB-40EE-A8DD-673742EF765F}"
EndProject
Project("{FAE04EC0-301F-11D3-BF4B-00C04F79EFBC}") = "BLLib", "BLLib\BLLib.csproj", "{F8CE2ED0-9994-4B88-93D1-EDA182069CAA}"
EndProject
Project("{FAE04EC0-301F-11D3-BF4B-00C04F79EFBC}") = "AlgebraLib", "AlgebraLib\AlgebraLib.csproj", "{3620FE4F-9D3E-4FA2-965E-762234334D84}"
EndProject
Project("{2150E333-8FDC-42A3-9474-1A3956D46DE8}") = "Mesh", "Mesh", "{40B485C1-21F8-4CF4-B8BD-229C4F000C18}"
EndProject
Project("{FAE04EC0-301F-11D3-BF4B-00C04F79EFBC}") = "MeshLib", "Mesh\MeshLib\MeshLib.csproj", "{B8062E08-76AC-4EC2-A7AA-2D7A4C601351}"
EndProject
Project("{FAE04EC0-301F-11D3-BF4B-00C04F79EFBC}") = "TriMeshGeneratorLib", "Mesh\TriMeshGeneratorLib\TriMeshGeneratorLib.csproj", "{EC2D084D-90D5-4076-BE3B-FC4BE0468AC3}"
EndProject
Project("{FAE04EC0-301F-11D3-BF4B-00C04F79EFBC}") = "MeshGeneratorsLib", "Mesh\MeshGeneratorsLib\MeshGeneratorsLib.csproj", "{5F4DA40D-74C6-4E31-8973-1860378B3234}"
EndProject
Project("{FAE04EC0-301F-11D3-BF4B-00C04F79EFBC}") = "MeshAdapterLib", "Mesh\MeshAdapterLib\MeshAdapterLib.csproj", "{2E2053D5-A41D-487F-8B7B-12F8673EDF65}"
EndProject
Project("{FAE04EC0-301F-11D3-BF4B-00C04F79EFBC}") = "DelaunayGenerator", "Mesh\DelaunayGenerator\DelaunayGenerator.csproj", "{A1A7ADFB-F3E8-4361-9614-9BB96E54B8BA}"
EndProject
Project("{2150E333-8FDC-42A3-9474-1A3956D46DE8}") = "RiverDataBase", "RiverDataBase", "{94CBECE4-CD11-482A-AEE2-8ED4B556C85A}"
EndProject
Project("{FAE04EC0-301F-11D3-BF4B-00C04F79EFBC}") = "RiverDB", "RiverDataBase\RiverDB\RiverDB.csproj", "{754D1A25-333C-4BE5-B275-60B22F3E3CB8}"
EndProject
Project("{FAE04EC0-301F-11D3-BF4B-00C04F79EFBC}") = "ConnectLib", "RiverDataBase\ConnectLib\ConnectLib.csproj", "{61C636B0-6531-4A16-A8C8-71B2640ADB19}"
EndProject
Project("{2150E333-8FDC-42A3-9474-1A3956D46DE8}") = "_TestProjects", "_TestProjects", "{7B149777-3D98-4251-B5CD-8F777BE9061B}"
EndProject
Project("{FAE04EC0-301F-11D3-BF4B-00C04F79EFBC}") = "TestSUPG", "_TestProjects\TestSUPG\TestSUPG.csproj", "{8B6992AC-F4E8-4EA1-A916-D316393C6623}"
EndProject
Project("{FAE04EC0-301F-11D3-BF4B-00C04F79EFBC}") = "TestDelaunayGenerator", "_TestProjects\TestDelaunayGenerator\TestDelaunayGenerator.csproj", "{E20295B2-040F-406C-86B0-7C8F1C1A7FDF}"
EndProject
Project("{2150E333-8FDC-42A3-9474-1A3956D46DE8}") = "_ExternalLibraries", "_ExternalLibraries", "{1DC96534-1BD2-49CF-AECC-16E6FA1B73B6}"
EndProject
Project("{2150E333-8FDC-42A3-9474-1A3956D46DE8}") = "Triangle.NET", "Triangle.NET", "{08EBCBEB-6EC7-4EF3-998B-848C1D682B7E}"
EndProject
Project("{FAE04EC0-301F-11D3-BF4B-00C04F79EFBC}") = "InterpolationLib", "_ExternalLibraries\InterpolationLib\InterpolationLib.csproj", "{0D7AA6FB-B70D-4FF1-9A05-12E3DD485AC4}"
EndProject
Project("{FAE04EC0-301F-11D3-BF4B-00C04F79EFBC}") = "Mesh Explorer", "_ExternalLibraries\Triangle.NET\TestApp\Mesh Explorer.csproj", "{336AAF8A-5316-4303-9E73-5E38BD0B28AF}"
EndProject
Project("{FAE04EC0-301F-11D3-BF4B-00C04F79EFBC}") = "Triangle", "_ExternalLibraries\Triangle.NET\Triangle\Triangle.csproj", "{AD37DA98-33B1-448E-9104-6E77B61E84F3}"
EndProject
Project("{FAE04EC0-301F-11D3-BF4B-00C04F79EFBC}") = "Triangle.Rendering", "_ExternalLibraries\Triangle.NET\Triangle.Rendering\Triangle.Rendering.csproj", "{41022E0E-BD0F-439E-BC3A-AABB1B43471B}"
EndProject
Project("{2150E333-8FDC-42A3-9474-1A3956D46DE8}") = "Cloo", "Cloo", "{27804F54-E4CC-41B5-9BDD-6B01FDA38699}"
EndProject
Project("{9A19103F-16F7-4668-BE54-9A1E7A4F7556}") = "Cloo", "_ExternalLibraries\Cloo\Cloo\Cloo.csproj", "{9B5252A3-453F-40A3-BF41-905ECBAFADAD}"
EndProject
Project("{9A19103F-16F7-4668-BE54-9A1E7A4F7556}") = "ClootilsNetCore", "_ExternalLibraries\Cloo\ClootilsNetCore\ClootilsNetCore.csproj", "{4573A5BC-E7E5-40EE-A649-A441104DAD3F}"
EndProject
Project("{9A19103F-16F7-4668-BE54-9A1E7A4F7556}") = "ClootilsNetCoreUI", "_ExternalLibraries\Cloo\ClootilsNetCoreUI\ClootilsNetCoreUI.csproj", "{EBEED070-C903-47D2-B234-9B532BC35F13}"
EndProject
Project("{9A19103F-16F7-4668-BE54-9A1E7A4F7556}") = "ClootilsNetFull", "_ExternalLibraries\Cloo\ClootilsNetFull\ClootilsNetFull.csproj", "{E0C407B6-2E59-4E5F-BE72-C1A322A8F866}"
EndProject
Project("{FAE04EC0-301F-11D3-BF4B-00C04F79EFBC}") = "FDMTaskLib", "FDMTaskLib\FDMTaskLib.csproj", "{5E1CA56B-8B0D-4553-8385-3FEEFE03F54F}"
EndProject
Global
	GlobalSection(SolutionConfigurationPlatforms) = preSolution
		Debug|Any CPU = Debug|Any CPU
		Debug|x86 = Debug|x86
		Release|Any CPU = Release|Any CPU
		Release|x86 = Release|x86
	EndGlobalSection
	GlobalSection(ProjectConfigurationPlatforms) = postSolution
		{053A6D29-FB58-444D-998C-E96D0685B42C}.Debug|Any CPU.ActiveCfg = Debug|Any CPU
		{053A6D29-FB58-444D-998C-E96D0685B42C}.Debug|Any CPU.Build.0 = Debug|Any CPU
		{053A6D29-FB58-444D-998C-E96D0685B42C}.Debug|x86.ActiveCfg = Debug|Any CPU
		{053A6D29-FB58-444D-998C-E96D0685B42C}.Debug|x86.Build.0 = Debug|Any CPU
		{053A6D29-FB58-444D-998C-E96D0685B42C}.Release|Any CPU.ActiveCfg = Release|Any CPU
		{053A6D29-FB58-444D-998C-E96D0685B42C}.Release|Any CPU.Build.0 = Release|Any CPU
		{053A6D29-FB58-444D-998C-E96D0685B42C}.Release|x86.ActiveCfg = Release|Any CPU
		{053A6D29-FB58-444D-998C-E96D0685B42C}.Release|x86.Build.0 = Release|Any CPU
		{9AC6E045-03A5-4C7C-A597-D245EA7E2C04}.Debug|Any CPU.ActiveCfg = Debug|Any CPU
		{9AC6E045-03A5-4C7C-A597-D245EA7E2C04}.Debug|Any CPU.Build.0 = Debug|Any CPU
		{9AC6E045-03A5-4C7C-A597-D245EA7E2C04}.Debug|x86.ActiveCfg = Debug|Any CPU
		{9AC6E045-03A5-4C7C-A597-D245EA7E2C04}.Debug|x86.Build.0 = Debug|Any CPU
		{9AC6E045-03A5-4C7C-A597-D245EA7E2C04}.Release|Any CPU.ActiveCfg = Release|Any CPU
		{9AC6E045-03A5-4C7C-A597-D245EA7E2C04}.Release|Any CPU.Build.0 = Release|Any CPU
		{9AC6E045-03A5-4C7C-A597-D245EA7E2C04}.Release|x86.ActiveCfg = Release|Any CPU
		{9AC6E045-03A5-4C7C-A597-D245EA7E2C04}.Release|x86.Build.0 = Release|Any CPU
		{3330D65D-E283-47A3-B43C-CE8C4EB2B201}.Debug|Any CPU.ActiveCfg = Debug|Any CPU
		{3330D65D-E283-47A3-B43C-CE8C4EB2B201}.Debug|Any CPU.Build.0 = Debug|Any CPU
		{3330D65D-E283-47A3-B43C-CE8C4EB2B201}.Debug|x86.ActiveCfg = Debug|Any CPU
		{3330D65D-E283-47A3-B43C-CE8C4EB2B201}.Debug|x86.Build.0 = Debug|Any CPU
		{3330D65D-E283-47A3-B43C-CE8C4EB2B201}.Release|Any CPU.ActiveCfg = Release|Any CPU
		{3330D65D-E283-47A3-B43C-CE8C4EB2B201}.Release|Any CPU.Build.0 = Release|Any CPU
		{3330D65D-E283-47A3-B43C-CE8C4EB2B201}.Release|x86.ActiveCfg = Release|Any CPU
		{3330D65D-E283-47A3-B43C-CE8C4EB2B201}.Release|x86.Build.0 = Release|Any CPU
		{7BAC4499-C834-4CD8-92FE-614027046DAB}.Debug|Any CPU.ActiveCfg = Debug|Any CPU
		{7BAC4499-C834-4CD8-92FE-614027046DAB}.Debug|Any CPU.Build.0 = Debug|Any CPU
		{7BAC4499-C834-4CD8-92FE-614027046DAB}.Debug|x86.ActiveCfg = Debug|Any CPU
		{7BAC4499-C834-4CD8-92FE-614027046DAB}.Debug|x86.Build.0 = Debug|Any CPU
		{7BAC4499-C834-4CD8-92FE-614027046DAB}.Release|Any CPU.ActiveCfg = Release|Any CPU
		{7BAC4499-C834-4CD8-92FE-614027046DAB}.Release|Any CPU.Build.0 = Release|Any CPU
		{7BAC4499-C834-4CD8-92FE-614027046DAB}.Release|x86.ActiveCfg = Release|Any CPU
		{7BAC4499-C834-4CD8-92FE-614027046DAB}.Release|x86.Build.0 = Release|Any CPU
		{954912E8-F132-4779-8300-520F1C534665}.Debug|Any CPU.ActiveCfg = Debug|Any CPU
		{954912E8-F132-4779-8300-520F1C534665}.Debug|Any CPU.Build.0 = Debug|Any CPU
		{954912E8-F132-4779-8300-520F1C534665}.Debug|x86.ActiveCfg = Debug|Any CPU
		{954912E8-F132-4779-8300-520F1C534665}.Debug|x86.Build.0 = Debug|Any CPU
		{954912E8-F132-4779-8300-520F1C534665}.Release|Any CPU.ActiveCfg = Release|Any CPU
		{954912E8-F132-4779-8300-520F1C534665}.Release|Any CPU.Build.0 = Release|Any CPU
		{954912E8-F132-4779-8300-520F1C534665}.Release|x86.ActiveCfg = Release|Any CPU
		{954912E8-F132-4779-8300-520F1C534665}.Release|x86.Build.0 = Release|Any CPU
		{4D84C29A-57F3-44D0-9520-0294DC35763E}.Debug|Any CPU.ActiveCfg = Debug|Any CPU
		{4D84C29A-57F3-44D0-9520-0294DC35763E}.Debug|Any CPU.Build.0 = Debug|Any CPU
		{4D84C29A-57F3-44D0-9520-0294DC35763E}.Debug|x86.ActiveCfg = Debug|Any CPU
		{4D84C29A-57F3-44D0-9520-0294DC35763E}.Debug|x86.Build.0 = Debug|Any CPU
		{4D84C29A-57F3-44D0-9520-0294DC35763E}.Release|Any CPU.ActiveCfg = Release|Any CPU
		{4D84C29A-57F3-44D0-9520-0294DC35763E}.Release|Any CPU.Build.0 = Release|Any CPU
		{4D84C29A-57F3-44D0-9520-0294DC35763E}.Release|x86.ActiveCfg = Release|Any CPU
		{4D84C29A-57F3-44D0-9520-0294DC35763E}.Release|x86.Build.0 = Release|Any CPU
		{CB805006-1B1B-412B-9FDE-4C8E8AD7CE13}.Debug|Any CPU.ActiveCfg = Debug|Any CPU
		{CB805006-1B1B-412B-9FDE-4C8E8AD7CE13}.Debug|Any CPU.Build.0 = Debug|Any CPU
		{CB805006-1B1B-412B-9FDE-4C8E8AD7CE13}.Debug|x86.ActiveCfg = Debug|Any CPU
		{CB805006-1B1B-412B-9FDE-4C8E8AD7CE13}.Debug|x86.Build.0 = Debug|Any CPU
		{CB805006-1B1B-412B-9FDE-4C8E8AD7CE13}.Release|Any CPU.ActiveCfg = Release|Any CPU
		{CB805006-1B1B-412B-9FDE-4C8E8AD7CE13}.Release|Any CPU.Build.0 = Release|Any CPU
		{CB805006-1B1B-412B-9FDE-4C8E8AD7CE13}.Release|x86.ActiveCfg = Release|Any CPU
		{CB805006-1B1B-412B-9FDE-4C8E8AD7CE13}.Release|x86.Build.0 = Release|Any CPU
		{288D677A-C46F-44F8-A451-5AFA1A0D4C46}.Debug|Any CPU.ActiveCfg = Debug|Any CPU
		{288D677A-C46F-44F8-A451-5AFA1A0D4C46}.Debug|Any CPU.Build.0 = Debug|Any CPU
		{288D677A-C46F-44F8-A451-5AFA1A0D4C46}.Debug|x86.ActiveCfg = Debug|Any CPU
		{288D677A-C46F-44F8-A451-5AFA1A0D4C46}.Debug|x86.Build.0 = Debug|Any CPU
		{288D677A-C46F-44F8-A451-5AFA1A0D4C46}.Release|Any CPU.ActiveCfg = Release|Any CPU
		{288D677A-C46F-44F8-A451-5AFA1A0D4C46}.Release|Any CPU.Build.0 = Release|Any CPU
		{288D677A-C46F-44F8-A451-5AFA1A0D4C46}.Release|x86.ActiveCfg = Release|Any CPU
		{288D677A-C46F-44F8-A451-5AFA1A0D4C46}.Release|x86.Build.0 = Release|Any CPU
		{436338C9-3129-459F-B07D-E62F27D72F5F}.Debug|Any CPU.ActiveCfg = Debug|Any CPU
		{436338C9-3129-459F-B07D-E62F27D72F5F}.Debug|Any CPU.Build.0 = Debug|Any CPU
		{436338C9-3129-459F-B07D-E62F27D72F5F}.Debug|x86.ActiveCfg = Debug|Any CPU
		{436338C9-3129-459F-B07D-E62F27D72F5F}.Debug|x86.Build.0 = Debug|Any CPU
		{436338C9-3129-459F-B07D-E62F27D72F5F}.Release|Any CPU.ActiveCfg = Release|Any CPU
		{436338C9-3129-459F-B07D-E62F27D72F5F}.Release|Any CPU.Build.0 = Release|Any CPU
		{436338C9-3129-459F-B07D-E62F27D72F5F}.Release|x86.ActiveCfg = Release|Any CPU
		{436338C9-3129-459F-B07D-E62F27D72F5F}.Release|x86.Build.0 = Release|Any CPU
		{A387740F-C4F9-44F3-AFA8-0B55EA4487FA}.Debug|Any CPU.ActiveCfg = Debug|Any CPU
		{A387740F-C4F9-44F3-AFA8-0B55EA4487FA}.Debug|Any CPU.Build.0 = Debug|Any CPU
		{A387740F-C4F9-44F3-AFA8-0B55EA4487FA}.Debug|x86.ActiveCfg = Debug|Any CPU
		{A387740F-C4F9-44F3-AFA8-0B55EA4487FA}.Debug|x86.Build.0 = Debug|Any CPU
		{A387740F-C4F9-44F3-AFA8-0B55EA4487FA}.Release|Any CPU.ActiveCfg = Release|Any CPU
		{A387740F-C4F9-44F3-AFA8-0B55EA4487FA}.Release|Any CPU.Build.0 = Release|Any CPU
		{A387740F-C4F9-44F3-AFA8-0B55EA4487FA}.Release|x86.ActiveCfg = Release|Any CPU
		{A387740F-C4F9-44F3-AFA8-0B55EA4487FA}.Release|x86.Build.0 = Release|Any CPU
		{C9C3AC13-CACB-40EE-A8DD-673742EF765F}.Debug|Any CPU.ActiveCfg = Debug|Any CPU
		{C9C3AC13-CACB-40EE-A8DD-673742EF765F}.Debug|Any CPU.Build.0 = Debug|Any CPU
		{C9C3AC13-CACB-40EE-A8DD-673742EF765F}.Debug|x86.ActiveCfg = Debug|Any CPU
		{C9C3AC13-CACB-40EE-A8DD-673742EF765F}.Debug|x86.Build.0 = Debug|Any CPU
		{C9C3AC13-CACB-40EE-A8DD-673742EF765F}.Release|Any CPU.ActiveCfg = Release|Any CPU
		{C9C3AC13-CACB-40EE-A8DD-673742EF765F}.Release|Any CPU.Build.0 = Release|Any CPU
		{C9C3AC13-CACB-40EE-A8DD-673742EF765F}.Release|x86.ActiveCfg = Release|Any CPU
		{C9C3AC13-CACB-40EE-A8DD-673742EF765F}.Release|x86.Build.0 = Release|Any CPU
		{F8CE2ED0-9994-4B88-93D1-EDA182069CAA}.Debug|Any CPU.ActiveCfg = Debug|Any CPU
		{F8CE2ED0-9994-4B88-93D1-EDA182069CAA}.Debug|Any CPU.Build.0 = Debug|Any CPU
		{F8CE2ED0-9994-4B88-93D1-EDA182069CAA}.Debug|x86.ActiveCfg = Debug|Any CPU
		{F8CE2ED0-9994-4B88-93D1-EDA182069CAA}.Debug|x86.Build.0 = Debug|Any CPU
		{F8CE2ED0-9994-4B88-93D1-EDA182069CAA}.Release|Any CPU.ActiveCfg = Release|Any CPU
		{F8CE2ED0-9994-4B88-93D1-EDA182069CAA}.Release|Any CPU.Build.0 = Release|Any CPU
		{F8CE2ED0-9994-4B88-93D1-EDA182069CAA}.Release|x86.ActiveCfg = Release|Any CPU
		{F8CE2ED0-9994-4B88-93D1-EDA182069CAA}.Release|x86.Build.0 = Release|Any CPU
		{3620FE4F-9D3E-4FA2-965E-762234334D84}.Debug|Any CPU.ActiveCfg = Debug|Any CPU
		{3620FE4F-9D3E-4FA2-965E-762234334D84}.Debug|Any CPU.Build.0 = Debug|Any CPU
		{3620FE4F-9D3E-4FA2-965E-762234334D84}.Debug|x86.ActiveCfg = Debug|Any CPU
		{3620FE4F-9D3E-4FA2-965E-762234334D84}.Debug|x86.Build.0 = Debug|Any CPU
		{3620FE4F-9D3E-4FA2-965E-762234334D84}.Release|Any CPU.ActiveCfg = Release|Any CPU
		{3620FE4F-9D3E-4FA2-965E-762234334D84}.Release|Any CPU.Build.0 = Release|Any CPU
		{3620FE4F-9D3E-4FA2-965E-762234334D84}.Release|x86.ActiveCfg = Release|Any CPU
		{3620FE4F-9D3E-4FA2-965E-762234334D84}.Release|x86.Build.0 = Release|Any CPU
		{B8062E08-76AC-4EC2-A7AA-2D7A4C601351}.Debug|Any CPU.ActiveCfg = Debug|Any CPU
		{B8062E08-76AC-4EC2-A7AA-2D7A4C601351}.Debug|Any CPU.Build.0 = Debug|Any CPU
		{B8062E08-76AC-4EC2-A7AA-2D7A4C601351}.Debug|x86.ActiveCfg = Debug|Any CPU
		{B8062E08-76AC-4EC2-A7AA-2D7A4C601351}.Debug|x86.Build.0 = Debug|Any CPU
		{B8062E08-76AC-4EC2-A7AA-2D7A4C601351}.Release|Any CPU.ActiveCfg = Release|Any CPU
		{B8062E08-76AC-4EC2-A7AA-2D7A4C601351}.Release|Any CPU.Build.0 = Release|Any CPU
		{B8062E08-76AC-4EC2-A7AA-2D7A4C601351}.Release|x86.ActiveCfg = Release|Any CPU
		{B8062E08-76AC-4EC2-A7AA-2D7A4C601351}.Release|x86.Build.0 = Release|Any CPU
		{EC2D084D-90D5-4076-BE3B-FC4BE0468AC3}.Debug|Any CPU.ActiveCfg = Debug|Any CPU
		{EC2D084D-90D5-4076-BE3B-FC4BE0468AC3}.Debug|Any CPU.Build.0 = Debug|Any CPU
		{EC2D084D-90D5-4076-BE3B-FC4BE0468AC3}.Debug|x86.ActiveCfg = Debug|Any CPU
		{EC2D084D-90D5-4076-BE3B-FC4BE0468AC3}.Debug|x86.Build.0 = Debug|Any CPU
		{EC2D084D-90D5-4076-BE3B-FC4BE0468AC3}.Release|Any CPU.ActiveCfg = Release|Any CPU
		{EC2D084D-90D5-4076-BE3B-FC4BE0468AC3}.Release|Any CPU.Build.0 = Release|Any CPU
		{EC2D084D-90D5-4076-BE3B-FC4BE0468AC3}.Release|x86.ActiveCfg = Release|Any CPU
		{EC2D084D-90D5-4076-BE3B-FC4BE0468AC3}.Release|x86.Build.0 = Release|Any CPU
		{5F4DA40D-74C6-4E31-8973-1860378B3234}.Debug|Any CPU.ActiveCfg = Debug|Any CPU
		{5F4DA40D-74C6-4E31-8973-1860378B3234}.Debug|Any CPU.Build.0 = Debug|Any CPU
		{5F4DA40D-74C6-4E31-8973-1860378B3234}.Debug|x86.ActiveCfg = Debug|Any CPU
		{5F4DA40D-74C6-4E31-8973-1860378B3234}.Debug|x86.Build.0 = Debug|Any CPU
		{5F4DA40D-74C6-4E31-8973-1860378B3234}.Release|Any CPU.ActiveCfg = Release|Any CPU
		{5F4DA40D-74C6-4E31-8973-1860378B3234}.Release|Any CPU.Build.0 = Release|Any CPU
		{5F4DA40D-74C6-4E31-8973-1860378B3234}.Release|x86.ActiveCfg = Release|Any CPU
		{5F4DA40D-74C6-4E31-8973-1860378B3234}.Release|x86.Build.0 = Release|Any CPU
		{2E2053D5-A41D-487F-8B7B-12F8673EDF65}.Debug|Any CPU.ActiveCfg = Debug|Any CPU
		{2E2053D5-A41D-487F-8B7B-12F8673EDF65}.Debug|Any CPU.Build.0 = Debug|Any CPU
		{2E2053D5-A41D-487F-8B7B-12F8673EDF65}.Debug|x86.ActiveCfg = Debug|Any CPU
		{2E2053D5-A41D-487F-8B7B-12F8673EDF65}.Debug|x86.Build.0 = Debug|Any CPU
		{2E2053D5-A41D-487F-8B7B-12F8673EDF65}.Release|Any CPU.ActiveCfg = Release|Any CPU
		{2E2053D5-A41D-487F-8B7B-12F8673EDF65}.Release|Any CPU.Build.0 = Release|Any CPU
		{2E2053D5-A41D-487F-8B7B-12F8673EDF65}.Release|x86.ActiveCfg = Release|Any CPU
		{2E2053D5-A41D-487F-8B7B-12F8673EDF65}.Release|x86.Build.0 = Release|Any CPU
		{A1A7ADFB-F3E8-4361-9614-9BB96E54B8BA}.Debug|Any CPU.ActiveCfg = Debug|Any CPU
		{A1A7ADFB-F3E8-4361-9614-9BB96E54B8BA}.Debug|Any CPU.Build.0 = Debug|Any CPU
		{A1A7ADFB-F3E8-4361-9614-9BB96E54B8BA}.Debug|x86.ActiveCfg = Debug|Any CPU
		{A1A7ADFB-F3E8-4361-9614-9BB96E54B8BA}.Debug|x86.Build.0 = Debug|Any CPU
		{A1A7ADFB-F3E8-4361-9614-9BB96E54B8BA}.Release|Any CPU.ActiveCfg = Release|Any CPU
		{A1A7ADFB-F3E8-4361-9614-9BB96E54B8BA}.Release|Any CPU.Build.0 = Release|Any CPU
		{A1A7ADFB-F3E8-4361-9614-9BB96E54B8BA}.Release|x86.ActiveCfg = Release|Any CPU
		{A1A7ADFB-F3E8-4361-9614-9BB96E54B8BA}.Release|x86.Build.0 = Release|Any CPU
		{754D1A25-333C-4BE5-B275-60B22F3E3CB8}.Debug|Any CPU.ActiveCfg = Debug|Any CPU
		{754D1A25-333C-4BE5-B275-60B22F3E3CB8}.Debug|Any CPU.Build.0 = Debug|Any CPU
		{754D1A25-333C-4BE5-B275-60B22F3E3CB8}.Debug|x86.ActiveCfg = Debug|Any CPU
		{754D1A25-333C-4BE5-B275-60B22F3E3CB8}.Debug|x86.Build.0 = Debug|Any CPU
		{754D1A25-333C-4BE5-B275-60B22F3E3CB8}.Release|Any CPU.ActiveCfg = Release|Any CPU
		{754D1A25-333C-4BE5-B275-60B22F3E3CB8}.Release|Any CPU.Build.0 = Release|Any CPU
		{754D1A25-333C-4BE5-B275-60B22F3E3CB8}.Release|x86.ActiveCfg = Release|Any CPU
		{754D1A25-333C-4BE5-B275-60B22F3E3CB8}.Release|x86.Build.0 = Release|Any CPU
		{61C636B0-6531-4A16-A8C8-71B2640ADB19}.Debug|Any CPU.ActiveCfg = Debug|Any CPU
		{61C636B0-6531-4A16-A8C8-71B2640ADB19}.Debug|Any CPU.Build.0 = Debug|Any CPU
		{61C636B0-6531-4A16-A8C8-71B2640ADB19}.Debug|x86.ActiveCfg = Debug|Any CPU
		{61C636B0-6531-4A16-A8C8-71B2640ADB19}.Debug|x86.Build.0 = Debug|Any CPU
		{61C636B0-6531-4A16-A8C8-71B2640ADB19}.Release|Any CPU.ActiveCfg = Release|Any CPU
		{61C636B0-6531-4A16-A8C8-71B2640ADB19}.Release|Any CPU.Build.0 = Release|Any CPU
		{61C636B0-6531-4A16-A8C8-71B2640ADB19}.Release|x86.ActiveCfg = Release|Any CPU
		{61C636B0-6531-4A16-A8C8-71B2640ADB19}.Release|x86.Build.0 = Release|Any CPU
		{8B6992AC-F4E8-4EA1-A916-D316393C6623}.Debug|Any CPU.ActiveCfg = Debug|Any CPU
		{8B6992AC-F4E8-4EA1-A916-D316393C6623}.Debug|Any CPU.Build.0 = Debug|Any CPU
		{8B6992AC-F4E8-4EA1-A916-D316393C6623}.Debug|x86.ActiveCfg = Debug|Any CPU
		{8B6992AC-F4E8-4EA1-A916-D316393C6623}.Debug|x86.Build.0 = Debug|Any CPU
		{8B6992AC-F4E8-4EA1-A916-D316393C6623}.Release|Any CPU.ActiveCfg = Release|Any CPU
		{8B6992AC-F4E8-4EA1-A916-D316393C6623}.Release|Any CPU.Build.0 = Release|Any CPU
		{8B6992AC-F4E8-4EA1-A916-D316393C6623}.Release|x86.ActiveCfg = Release|Any CPU
		{8B6992AC-F4E8-4EA1-A916-D316393C6623}.Release|x86.Build.0 = Release|Any CPU
		{E20295B2-040F-406C-86B0-7C8F1C1A7FDF}.Debug|Any CPU.ActiveCfg = Debug|Any CPU
		{E20295B2-040F-406C-86B0-7C8F1C1A7FDF}.Debug|Any CPU.Build.0 = Debug|Any CPU
		{E20295B2-040F-406C-86B0-7C8F1C1A7FDF}.Debug|x86.ActiveCfg = Debug|Any CPU
		{E20295B2-040F-406C-86B0-7C8F1C1A7FDF}.Debug|x86.Build.0 = Debug|Any CPU
		{E20295B2-040F-406C-86B0-7C8F1C1A7FDF}.Release|Any CPU.ActiveCfg = Release|Any CPU
		{E20295B2-040F-406C-86B0-7C8F1C1A7FDF}.Release|Any CPU.Build.0 = Release|Any CPU
		{E20295B2-040F-406C-86B0-7C8F1C1A7FDF}.Release|x86.ActiveCfg = Release|Any CPU
		{E20295B2-040F-406C-86B0-7C8F1C1A7FDF}.Release|x86.Build.0 = Release|Any CPU
		{0D7AA6FB-B70D-4FF1-9A05-12E3DD485AC4}.Debug|Any CPU.ActiveCfg = Debug|Any CPU
		{0D7AA6FB-B70D-4FF1-9A05-12E3DD485AC4}.Debug|Any CPU.Build.0 = Debug|Any CPU
		{0D7AA6FB-B70D-4FF1-9A05-12E3DD485AC4}.Debug|x86.ActiveCfg = Debug|Any CPU
		{0D7AA6FB-B70D-4FF1-9A05-12E3DD485AC4}.Debug|x86.Build.0 = Debug|Any CPU
		{0D7AA6FB-B70D-4FF1-9A05-12E3DD485AC4}.Release|Any CPU.ActiveCfg = Release|Any CPU
		{0D7AA6FB-B70D-4FF1-9A05-12E3DD485AC4}.Release|Any CPU.Build.0 = Release|Any CPU
		{0D7AA6FB-B70D-4FF1-9A05-12E3DD485AC4}.Release|x86.ActiveCfg = Release|Any CPU
		{0D7AA6FB-B70D-4FF1-9A05-12E3DD485AC4}.Release|x86.Build.0 = Release|Any CPU
		{336AAF8A-5316-4303-9E73-5E38BD0B28AF}.Debug|Any CPU.ActiveCfg = Debug|x86
		{336AAF8A-5316-4303-9E73-5E38BD0B28AF}.Debug|Any CPU.Build.0 = Debug|x86
		{336AAF8A-5316-4303-9E73-5E38BD0B28AF}.Debug|x86.ActiveCfg = Debug|x86
		{336AAF8A-5316-4303-9E73-5E38BD0B28AF}.Debug|x86.Build.0 = Debug|x86
		{336AAF8A-5316-4303-9E73-5E38BD0B28AF}.Release|Any CPU.ActiveCfg = Release|x86
		{336AAF8A-5316-4303-9E73-5E38BD0B28AF}.Release|Any CPU.Build.0 = Release|x86
		{336AAF8A-5316-4303-9E73-5E38BD0B28AF}.Release|x86.ActiveCfg = Release|x86
		{336AAF8A-5316-4303-9E73-5E38BD0B28AF}.Release|x86.Build.0 = Release|x86
		{AD37DA98-33B1-448E-9104-6E77B61E84F3}.Debug|Any CPU.ActiveCfg = Debug|Any CPU
		{AD37DA98-33B1-448E-9104-6E77B61E84F3}.Debug|Any CPU.Build.0 = Debug|Any CPU
		{AD37DA98-33B1-448E-9104-6E77B61E84F3}.Debug|x86.ActiveCfg = Debug|Any CPU
		{AD37DA98-33B1-448E-9104-6E77B61E84F3}.Debug|x86.Build.0 = Debug|Any CPU
		{AD37DA98-33B1-448E-9104-6E77B61E84F3}.Release|Any CPU.ActiveCfg = Release|Any CPU
		{AD37DA98-33B1-448E-9104-6E77B61E84F3}.Release|Any CPU.Build.0 = Release|Any CPU
		{AD37DA98-33B1-448E-9104-6E77B61E84F3}.Release|x86.ActiveCfg = Release|Any CPU
		{AD37DA98-33B1-448E-9104-6E77B61E84F3}.Release|x86.Build.0 = Release|Any CPU
		{41022E0E-BD0F-439E-BC3A-AABB1B43471B}.Debug|Any CPU.ActiveCfg = Debug|Any CPU
		{41022E0E-BD0F-439E-BC3A-AABB1B43471B}.Debug|Any CPU.Build.0 = Debug|Any CPU
		{41022E0E-BD0F-439E-BC3A-AABB1B43471B}.Debug|x86.ActiveCfg = Debug|Any CPU
		{41022E0E-BD0F-439E-BC3A-AABB1B43471B}.Debug|x86.Build.0 = Debug|Any CPU
		{41022E0E-BD0F-439E-BC3A-AABB1B43471B}.Release|Any CPU.ActiveCfg = Release|Any CPU
		{41022E0E-BD0F-439E-BC3A-AABB1B43471B}.Release|Any CPU.Build.0 = Release|Any CPU
		{41022E0E-BD0F-439E-BC3A-AABB1B43471B}.Release|x86.ActiveCfg = Release|Any CPU
		{41022E0E-BD0F-439E-BC3A-AABB1B43471B}.Release|x86.Build.0 = Release|Any CPU
		{9B5252A3-453F-40A3-BF41-905ECBAFADAD}.Debug|Any CPU.ActiveCfg = Debug|Any CPU
		{9B5252A3-453F-40A3-BF41-905ECBAFADAD}.Debug|Any CPU.Build.0 = Debug|Any CPU
		{9B5252A3-453F-40A3-BF41-905ECBAFADAD}.Debug|x86.ActiveCfg = Debug|Any CPU
		{9B5252A3-453F-40A3-BF41-905ECBAFADAD}.Debug|x86.Build.0 = Debug|Any CPU
		{9B5252A3-453F-40A3-BF41-905ECBAFADAD}.Release|Any CPU.ActiveCfg = Release|Any CPU
		{9B5252A3-453F-40A3-BF41-905ECBAFADAD}.Release|Any CPU.Build.0 = Release|Any CPU
		{9B5252A3-453F-40A3-BF41-905ECBAFADAD}.Release|x86.ActiveCfg = Release|Any CPU
		{9B5252A3-453F-40A3-BF41-905ECBAFADAD}.Release|x86.Build.0 = Release|Any CPU
		{4573A5BC-E7E5-40EE-A649-A441104DAD3F}.Debug|Any CPU.ActiveCfg = Debug|Any CPU
		{4573A5BC-E7E5-40EE-A649-A441104DAD3F}.Debug|Any CPU.Build.0 = Debug|Any CPU
		{4573A5BC-E7E5-40EE-A649-A441104DAD3F}.Debug|x86.ActiveCfg = Debug|Any CPU
		{4573A5BC-E7E5-40EE-A649-A441104DAD3F}.Debug|x86.Build.0 = Debug|Any CPU
		{4573A5BC-E7E5-40EE-A649-A441104DAD3F}.Release|Any CPU.ActiveCfg = Release|Any CPU
		{4573A5BC-E7E5-40EE-A649-A441104DAD3F}.Release|Any CPU.Build.0 = Release|Any CPU
		{4573A5BC-E7E5-40EE-A649-A441104DAD3F}.Release|x86.ActiveCfg = Release|Any CPU
		{4573A5BC-E7E5-40EE-A649-A441104DAD3F}.Release|x86.Build.0 = Release|Any CPU
		{EBEED070-C903-47D2-B234-9B532BC35F13}.Debug|Any CPU.ActiveCfg = Debug|Any CPU
		{EBEED070-C903-47D2-B234-9B532BC35F13}.Debug|Any CPU.Build.0 = Debug|Any CPU
		{EBEED070-C903-47D2-B234-9B532BC35F13}.Debug|x86.ActiveCfg = Debug|Any CPU
		{EBEED070-C903-47D2-B234-9B532BC35F13}.Debug|x86.Build.0 = Debug|Any CPU
		{EBEED070-C903-47D2-B234-9B532BC35F13}.Release|Any CPU.ActiveCfg = Release|Any CPU
		{EBEED070-C903-47D2-B234-9B532BC35F13}.Release|Any CPU.Build.0 = Release|Any CPU
		{EBEED070-C903-47D2-B234-9B532BC35F13}.Release|x86.ActiveCfg = Release|Any CPU
		{EBEED070-C903-47D2-B234-9B532BC35F13}.Release|x86.Build.0 = Release|Any CPU
		{E0C407B6-2E59-4E5F-BE72-C1A322A8F866}.Debug|Any CPU.ActiveCfg = Debug|Any CPU
		{E0C407B6-2E59-4E5F-BE72-C1A322A8F866}.Debug|Any CPU.Build.0 = Debug|Any CPU
		{E0C407B6-2E59-4E5F-BE72-C1A322A8F866}.Debug|x86.ActiveCfg = Debug|Any CPU
		{E0C407B6-2E59-4E5F-BE72-C1A322A8F866}.Debug|x86.Build.0 = Debug|Any CPU
		{E0C407B6-2E59-4E5F-BE72-C1A322A8F866}.Release|Any CPU.ActiveCfg = Release|Any CPU
		{E0C407B6-2E59-4E5F-BE72-C1A322A8F866}.Release|Any CPU.Build.0 = Release|Any CPU
		{E0C407B6-2E59-4E5F-BE72-C1A322A8F866}.Release|x86.ActiveCfg = Release|Any CPU
		{E0C407B6-2E59-4E5F-BE72-C1A322A8F866}.Release|x86.Build.0 = Release|Any CPU
		{5E1CA56B-8B0D-4553-8385-3FEEFE03F54F}.Debug|Any CPU.ActiveCfg = Debug|Any CPU
		{5E1CA56B-8B0D-4553-8385-3FEEFE03F54F}.Debug|Any CPU.Build.0 = Debug|Any CPU
		{5E1CA56B-8B0D-4553-8385-3FEEFE03F54F}.Debug|x86.ActiveCfg = Debug|Any CPU
		{5E1CA56B-8B0D-4553-8385-3FEEFE03F54F}.Debug|x86.Build.0 = Debug|Any CPU
		{5E1CA56B-8B0D-4553-8385-3FEEFE03F54F}.Release|Any CPU.ActiveCfg = Release|Any CPU
		{5E1CA56B-8B0D-4553-8385-3FEEFE03F54F}.Release|Any CPU.Build.0 = Release|Any CPU
		{5E1CA56B-8B0D-4553-8385-3FEEFE03F54F}.Release|x86.ActiveCfg = Release|Any CPU
		{5E1CA56B-8B0D-4553-8385-3FEEFE03F54F}.Release|x86.Build.0 = Release|Any CPU
	EndGlobalSection
	GlobalSection(SolutionProperties) = preSolution
		HideSolutionNode = FALSE
	EndGlobalSection
	GlobalSection(NestedProjects) = preSolution
		{B8062E08-76AC-4EC2-A7AA-2D7A4C601351} = {40B485C1-21F8-4CF4-B8BD-229C4F000C18}
		{EC2D084D-90D5-4076-BE3B-FC4BE0468AC3} = {40B485C1-21F8-4CF4-B8BD-229C4F000C18}
		{5F4DA40D-74C6-4E31-8973-1860378B3234} = {40B485C1-21F8-4CF4-B8BD-229C4F000C18}
		{2E2053D5-A41D-487F-8B7B-12F8673EDF65} = {40B485C1-21F8-4CF4-B8BD-229C4F000C18}
		{A1A7ADFB-F3E8-4361-9614-9BB96E54B8BA} = {40B485C1-21F8-4CF4-B8BD-229C4F000C18}
		{754D1A25-333C-4BE5-B275-60B22F3E3CB8} = {94CBECE4-CD11-482A-AEE2-8ED4B556C85A}
		{61C636B0-6531-4A16-A8C8-71B2640ADB19} = {94CBECE4-CD11-482A-AEE2-8ED4B556C85A}
		{8B6992AC-F4E8-4EA1-A916-D316393C6623} = {7B149777-3D98-4251-B5CD-8F777BE9061B}
		{E20295B2-040F-406C-86B0-7C8F1C1A7FDF} = {7B149777-3D98-4251-B5CD-8F777BE9061B}
		{08EBCBEB-6EC7-4EF3-998B-848C1D682B7E} = {1DC96534-1BD2-49CF-AECC-16E6FA1B73B6}
		{0D7AA6FB-B70D-4FF1-9A05-12E3DD485AC4} = {1DC96534-1BD2-49CF-AECC-16E6FA1B73B6}
		{336AAF8A-5316-4303-9E73-5E38BD0B28AF} = {08EBCBEB-6EC7-4EF3-998B-848C1D682B7E}
		{AD37DA98-33B1-448E-9104-6E77B61E84F3} = {08EBCBEB-6EC7-4EF3-998B-848C1D682B7E}
		{41022E0E-BD0F-439E-BC3A-AABB1B43471B} = {08EBCBEB-6EC7-4EF3-998B-848C1D682B7E}
		{27804F54-E4CC-41B5-9BDD-6B01FDA38699} = {1DC96534-1BD2-49CF-AECC-16E6FA1B73B6}
		{9B5252A3-453F-40A3-BF41-905ECBAFADAD} = {27804F54-E4CC-41B5-9BDD-6B01FDA38699}
		{4573A5BC-E7E5-40EE-A649-A441104DAD3F} = {27804F54-E4CC-41B5-9BDD-6B01FDA38699}
		{EBEED070-C903-47D2-B234-9B532BC35F13} = {27804F54-E4CC-41B5-9BDD-6B01FDA38699}
		{E0C407B6-2E59-4E5F-BE72-C1A322A8F866} = {27804F54-E4CC-41B5-9BDD-6B01FDA38699}
	EndGlobalSection
	GlobalSection(ExtensibilityGlobals) = postSolution
		SolutionGuid = {FE75E8AB-B803-41C5-958E-8F694788812F}
	EndGlobalSection
EndGlobal
